
Microsoft Visual Studio Solution File, Format Version 12.00
# Visual Studio Version 17
VisualStudioVersion = 17.5.002.0
MinimumVisualStudioVersion = 10.0.40219.1
Project("{2150E333-8FDC-42A3-9474-1A3956D46DE8}") = "sdk", "sdk", "{6B6B8CC0-6EC5-46BC-B90B-0AE18246ABB8}"
EndProject
Project("{9A19103F-16F7-4668-BE54-9A1E7A4F7556}") = "Pulumi.Xyz", "sdk\dotnet\Pulumi.Xyz.csproj", "{336C801F-EBFD-4883-B75F-2533A0707A15}"
EndProject
Global
	GlobalSection(SolutionConfigurationPlatforms) = preSolution
		Debug|Any CPU = Debug|Any CPU
		Release|Any CPU = Release|Any CPU
	EndGlobalSection
	GlobalSection(ProjectConfigurationPlatforms) = postSolution
		{336C801F-EBFD-4883-B75F-2533A0707A15}.Debug|Any CPU.ActiveCfg = Debug|Any CPU
		{336C801F-EBFD-4883-B75F-2533A0707A15}.Debug|Any CPU.Build.0 = Debug|Any CPU
		{336C801F-EBFD-4883-B75F-2533A0707A15}.Release|Any CPU.ActiveCfg = Release|Any CPU
		{336C801F-EBFD-4883-B75F-2533A0707A15}.Release|Any CPU.Build.0 = Release|Any CPU
	EndGlobalSection
	GlobalSection(SolutionProperties) = preSolution
		HideSolutionNode = FALSE
	EndGlobalSection
	GlobalSection(NestedProjects) = preSolution
		{336C801F-EBFD-4883-B75F-2533A0707A15} = {6B6B8CC0-6EC5-46BC-B90B-0AE18246ABB8}
	EndGlobalSection
	GlobalSection(ExtensibilityGlobals) = postSolution
		SolutionGuid = {7069C8FA-E216-45B9-B5CA-BD5209D828C8}
	EndGlobalSection
EndGlobal
